
Microsoft Visual Studio Solution File, Format Version 12.00
# Visual Studio 2015
Project("{FAE04EC0-301F-11D3-BF4B-00C04F79EFBC}") = "StarForce", "StarForce.csproj", "{35C1FE57-05ED-10D8-8B52-36DD27EA3465}"
EndProject
Project("{FAE04EC0-301F-11D3-BF4B-00C04F79EFBC}") = "StarForce.Editor", "StarForce.Editor.csproj", "{D86CD6F0-AF77-7D1B-F317-558039E844B4}"
EndProject
Global
	GlobalSection(SolutionConfigurationPlatforms) = preSolution
		Debug|Any CPU = Debug|Any CPU
		Release|Any CPU = Release|Any CPU
	EndGlobalSection
	GlobalSection(ProjectConfigurationPlatforms) = postSolution
		{35C1FE57-05ED-10D8-8B52-36DD27EA3465}.Debug|Any CPU.ActiveCfg = Debug|Any CPU
		{35C1FE57-05ED-10D8-8B52-36DD27EA3465}.Debug|Any CPU.Build.0 = Debug|Any CPU
		{35C1FE57-05ED-10D8-8B52-36DD27EA3465}.Release|Any CPU.ActiveCfg = Release|Any CPU
		{35C1FE57-05ED-10D8-8B52-36DD27EA3465}.Release|Any CPU.Build.0 = Release|Any CPU
		{D86CD6F0-AF77-7D1B-F317-558039E844B4}.Debug|Any CPU.ActiveCfg = Debug|Any CPU
		{D86CD6F0-AF77-7D1B-F317-558039E844B4}.Debug|Any CPU.Build.0 = Debug|Any CPU
		{D86CD6F0-AF77-7D1B-F317-558039E844B4}.Release|Any CPU.ActiveCfg = Release|Any CPU
		{D86CD6F0-AF77-7D1B-F317-558039E844B4}.Release|Any CPU.Build.0 = Release|Any CPU
	EndGlobalSection
	GlobalSection(SolutionProperties) = preSolution
		HideSolutionNode = FALSE
	EndGlobalSection
EndGlobal
